github.com/andybalholm/brotli v1.0.1 h1:KqhlKozYbRtJvsPrrEeXcO+N2l6NYT5A2QAFmSULpEc=
github.com/andybalholm/brotli v1.0.1/go.mod h1:loMXtMfwqflxFJPmdbJO0a3KNoPuLBgiu3qAvBg8x/Y=
github.com/bradfitz/gomemcache v0.0.0-20190913173617-a41fca850d0b h1:L/QXpzIa3pOvUGt1D1lA5KjYhPBAN/3iWdP7xeFS9F0=
github.com/bradfitz/gomemcache v0.0.0-20190913173617-a41fca850d0b/go.mod h1:H0wQNHz2YrLsuXOZozoeDmnHXkNCRmMW0gwFWDfEZDA=
github.com/issue9/assert v1.4.0 h1:/hLHZOr6koZn6fM8feB2fSVl8RZ4o629hSdCeARWNWg=
github.com/issue9/assert v1.4.0/go.mod h1:Yktk83hAVl1SPSYtd9kjhBizuiBIqUQyj+D5SE2yjVY=
github.com/issue9/assert v1.4.1 h1:gUtOpMTeaE4JTe9kACma5foOHBvVt1p5XTFrULDwdXI=
github.com/issue9/assert v1.4.1/go.mod h1:Yktk83hAVl1SPSYtd9kjhBizuiBIqUQyj+D5SE2yjVY=
github.com/issue9/errwrap v0.1.2 h1:5TEX7YJdbaYbEn8UNphxc0hC/xi8/vb3ulZYhyWj0nw=
github.com/issue9/errwrap v0.1.2/go.mod h1:yudSKP/VtwvbW8hD9riNxJd8sAAzgJUgjllibgHqdJg=
github.com/issue9/qheader v0.5.0 h1:QKGv8ZbI2vgB6c3oZ1+GYz9USM8js9r1ULfB4vTDXtw=
github.com/issue9/qheader v0.5.0/go.mod h1:LJk1/kJ3ydNYA3epOQD+p0adjjouW5fJTVAtpBk3org=
github.com/issue9/sliceutil v0.6.0 h1:qff0GiuTf5ThPfm+Vgp3+XDzAiHA3o98Dlx/TU7Gj8w=
github.com/issue9/sliceutil v0.6.0/go.mod h1:FUxZQC4oEw6V46afC+JOdCjOv84BA6WBNQRYGS9V4Dg=
github.com/issue9/source v0.1.1 h1:Xemp2xP1m2t9r2+9mg/zYldYQCs0T13ggE69I65WNQ0=
github.com/issue9/source v0.1.1/go.mod h1:oyj2OUvab/aVFsHqRTS8uI8KcvGZb0ZFoh9b3FzzAYU=
