github.com/bradfitz/gomemcache v0.0.0-20180710155616-bc664df96737 h1:rRISKWyXfVxvoa702s91Zl5oREZTrR3yv+tXrrX7G/g=
github.com/bradfitz/gomemcache v0.0.0-20180710155616-bc664df96737/go.mod h1:PmM6Mmwb0LSuEubjR8N7PtNe1KxZLtOUHtbeikc5h60=
github.com/issue9/assert v1.0.0 h1:NkLKrreEZgOdyl0aHlF8Yq2+Id7GsfEtU0rTK8nsN4E=
github.com/issue9/assert v1.0.0/go.mod h1:KLwR3U/5rbCxqwAnV3aCr+dz07aoIyIfk2lefIVr2BA=
github.com/issue9/utils v1.0.0 h1:2LuHIPRufdIXK7AJ3QP7Qzxd0cMNNPY1izgFxj+d2EE=
github.com/issue9/utils v1.0.0/go.mod h1:M/m1msOXz9GHESoAvzxpBe4jar/QGDKcGXDhKsZJAKE=
