github.com/andybalholm/brotli v1.0.4 h1:V7DdXeJtZscaqfNuAdSRuRFzuiKlHSC/Zh3zl9qY3JY=
github.com/andybalholm/brotli v1.0.4/go.mod h1:fO7iG3H7G2nSZ7m0zPUDn85XEX2GTukHGRSepvi9Eig=
github.com/bradfitz/gomemcache v0.0.0-20190913173617-a41fca850d0b/go.mod h1:H0wQNHz2YrLsuXOZozoeDmnHXkNCRmMW0gwFWDfEZDA=
github.com/davecgh/go-spew v1.1.0/go.mod h1:J7Y8YcW2NihsgmVo/mv3lAwl/skON4iLHjSsI+c5H38=
github.com/gomodule/redigo v1.8.5/go.mod h1:P9dn9mFrCBvWhGE1wpxx6fgq7BAeLBk+UUUzlpkBYO0=
github.com/issue9/assert/v2 v2.0.0/go.mod h1:rKr1eVGzXUhAo2af1thiKAhIA8uiSK9Wyn7mcZ4BzAg=
github.com/issue9/assert/v2 v2.0.1 h1:K70rjhzz9i5Tf/HK8Dh7NESAbxb2a4mN0UfdAjpWFg4=
github.com/issue9/assert/v2 v2.0.1/go.mod h1:rKr1eVGzXUhAo2af1thiKAhIA8uiSK9Wyn7mcZ4BzAg=
github.com/issue9/cache v0.3.1 h1:IBqVAltCmM/gfTdAZGfdnm8o6WPrOA3JlsH4/digAy4=
github.com/issue9/cache v0.3.1/go.mod h1:AH1vCuRkxE+TbW0F+L9P6TCdMDlCM+HXHcK4+HErXEU=
github.com/issue9/errwrap v0.2.1 h1:hrzBGbOCRs8acitpWSg54xNl2oaLGA/WZEf71bKaiEU=
github.com/issue9/errwrap v0.2.1/go.mod h1:hjjkt9S/owgy48er68ACFfA6YPDO/xax18QE3lsguVQ=
github.com/issue9/mux/v5 v5.5.0 h1:XL7c76qjRHcinUt0hIEJ8DYPCNmjk6lHQ/kGRpZFQlE=
github.com/issue9/mux/v5 v5.5.0/go.mod h1:SrffeaR8sJtqkQpIaScwXlAeHMWFKFGiTQxdghw63fA=
github.com/issue9/qheader v0.5.5 h1:6LxVoqnxIthEuoZn2rFBGxOdoxN9gh+n1GI1TiGQe4Q=
github.com/issue9/qheader v0.5.5/go.mod h1:oZVXJYWaO2ha6yFlYPrdkTpEpg8InAIRo65fGytoWRo=
github.com/issue9/sliceutil v0.7.1 h1:lnzYryF50+mxqvnsPZRZ1on+gxx0Khx5t5G7q0Cf7gU=
github.com/issue9/sliceutil v0.7.1/go.mod h1:8e+l2bD67pBUtV8cVnGChE/Ltlq8czcDLR1pOGCC2tE=
github.com/pmezard/go-difflib v1.0.0/go.mod h1:iKH77koFhYxTK1pcRnkKkqfTogsbg7gZNVY4sRDYZ/4=
github.com/stretchr/objx v0.1.0/go.mod h1:HFkY916IF+rwdDfMAkV7OtwuqBVzrE8GR6GFx+wExME=
github.com/stretchr/testify v1.5.1/go.mod h1:5W2xD1RspED5o8YsWQXVCued0rvSQ+mT+I5cxcmMvtA=
gopkg.in/check.v1 v0.0.0-20161208181325-20d25e280405/go.mod h1:Co6ibVJAznAaIkqp8huTwlJQCZ016jof/cbN4VW5Yz0=
gopkg.in/yaml.v2 v2.2.2/go.mod h1:hI93XBmqTisBFMUTm0b8Fm+jr3Dg1NNxqwp+5A1VGuI=
